
Microsoft Visual Studio Solution File, Format Version 12.00
# Visual Studio Version 17
VisualStudioVersion = 17.11.35312.102
MinimumVisualStudioVersion = 10.0.40219.1
Project("{9A19103F-16F7-4668-BE54-9A1E7A4F7556}") = "Presentacion", "PrimerParcial\Presentacion.csproj", "{E95BEE4A-DEE5-49B8-85FC-64CCB0A5880B}"
EndProject
Project("{FAE04EC0-301F-11D3-BF4B-00C04F79EFBC}") = "Datos", "Datos\Datos.csproj", "{6F96C9BF-5592-4DFC-A224-2685A7F0FBA3}"
EndProject
Project("{FAE04EC0-301F-11D3-BF4B-00C04F79EFBC}") = "Negocio", "Negocio\Negocio.csproj", "{2BB1D0EB-BF16-4106-8570-69AD6CEDBF70}"
EndProject
Global
	GlobalSection(SolutionConfigurationPlatforms) = preSolution
		Debug|Any CPU = Debug|Any CPU
		Release|Any CPU = Release|Any CPU
	EndGlobalSection
	GlobalSection(ProjectConfigurationPlatforms) = postSolution
		{E95BEE4A-DEE5-49B8-85FC-64CCB0A5880B}.Debug|Any CPU.ActiveCfg = Debug|Any CPU
		{E95BEE4A-DEE5-49B8-85FC-64CCB0A5880B}.Debug|Any CPU.Build.0 = Debug|Any CPU
		{E95BEE4A-DEE5-49B8-85FC-64CCB0A5880B}.Release|Any CPU.ActiveCfg = Release|Any CPU
		{E95BEE4A-DEE5-49B8-85FC-64CCB0A5880B}.Release|Any CPU.Build.0 = Release|Any CPU
		{6F96C9BF-5592-4DFC-A224-2685A7F0FBA3}.Debug|Any CPU.ActiveCfg = Debug|Any CPU
		{6F96C9BF-5592-4DFC-A224-2685A7F0FBA3}.Debug|Any CPU.Build.0 = Debug|Any CPU
		{6F96C9BF-5592-4DFC-A224-2685A7F0FBA3}.Release|Any CPU.ActiveCfg = Release|Any CPU
		{6F96C9BF-5592-4DFC-A224-2685A7F0FBA3}.Release|Any CPU.Build.0 = Release|Any CPU
		{2BB1D0EB-BF16-4106-8570-69AD6CEDBF70}.Debug|Any CPU.ActiveCfg = Debug|Any CPU
		{2BB1D0EB-BF16-4106-8570-69AD6CEDBF70}.Debug|Any CPU.Build.0 = Debug|Any CPU
		{2BB1D0EB-BF16-4106-8570-69AD6CEDBF70}.Release|Any CPU.ActiveCfg = Release|Any CPU
		{2BB1D0EB-BF16-4106-8570-69AD6CEDBF70}.Release|Any CPU.Build.0 = Release|Any CPU
	EndGlobalSection
	GlobalSection(SolutionProperties) = preSolution
		HideSolutionNode = FALSE
	EndGlobalSection
	GlobalSection(ExtensibilityGlobals) = postSolution
		SolutionGuid = {D04AD8B8-4658-40AF-9ADA-F637A8BA2410}
	EndGlobalSection
EndGlobal
